
Microsoft Visual Studio Solution File, Format Version 12.00
# Visual Studio 15
VisualStudioVersion = 15.0.27130.2024
MinimumVisualStudioVersion = 10.0.40219.1
Project("{FAE04EC0-301F-11D3-BF4B-00C04F79EFBC}") = "PruebaCECROPIACinthya", "PruebaCECROPIACinthya\PruebaCECROPIACinthya.csproj", "{58560B81-57D4-4313-BE84-DEC3614E23F1}"
EndProject
Project("{FAE04EC0-301F-11D3-BF4B-00C04F79EFBC}") = "WebAPI", "WebAPI\WebAPI.csproj", "{8AFEF41E-607F-4BAF-957F-B6E33F6FFE48}"
EndProject
Global
	GlobalSection(SolutionConfigurationPlatforms) = preSolution
		Debug|Any CPU = Debug|Any CPU
		Release|Any CPU = Release|Any CPU
	EndGlobalSection
	GlobalSection(ProjectConfigurationPlatforms) = postSolution
		{58560B81-57D4-4313-BE84-DEC3614E23F1}.Debug|Any CPU.ActiveCfg = Debug|Any CPU
		{58560B81-57D4-4313-BE84-DEC3614E23F1}.Debug|Any CPU.Build.0 = Debug|Any CPU
		{58560B81-57D4-4313-BE84-DEC3614E23F1}.Release|Any CPU.ActiveCfg = Release|Any CPU
		{58560B81-57D4-4313-BE84-DEC3614E23F1}.Release|Any CPU.Build.0 = Release|Any CPU
		{8AFEF41E-607F-4BAF-957F-B6E33F6FFE48}.Debug|Any CPU.ActiveCfg = Debug|Any CPU
		{8AFEF41E-607F-4BAF-957F-B6E33F6FFE48}.Debug|Any CPU.Build.0 = Debug|Any CPU
		{8AFEF41E-607F-4BAF-957F-B6E33F6FFE48}.Release|Any CPU.ActiveCfg = Release|Any CPU
		{8AFEF41E-607F-4BAF-957F-B6E33F6FFE48}.Release|Any CPU.Build.0 = Release|Any CPU
	EndGlobalSection
	GlobalSection(SolutionProperties) = preSolution
		HideSolutionNode = FALSE
	EndGlobalSection
	GlobalSection(ExtensibilityGlobals) = postSolution
		SolutionGuid = {385C2662-0F88-4D46-B836-9D31BA4AE179}
	EndGlobalSection
EndGlobal
